
Microsoft Visual Studio Solution File, Format Version 12.00
# Visual Studio 15
VisualStudioVersion = 15.0.28307.168
MinimumVisualStudioVersion = 10.0.40219.1
Project("{9A19103F-16F7-4668-BE54-9A1E7A4F7556}") = "GithubService.Services", "GithubService.Services\GithubService.Services.csproj", "{6BBE7F7F-8CC6-402C-B6F4-08AACB137649}"
EndProject
Project("{9A19103F-16F7-4668-BE54-9A1E7A4F7556}") = "GithubService.Repository", "GithubService.Repository\GithubService.Repository.csproj", "{6CE283A1-C93F-4D9F-9C6D-07D35F2465C9}"
EndProject
Project("{9A19103F-16F7-4668-BE54-9A1E7A4F7556}") = "GithubService.Models", "GithubService.Models\GithubService.Models.csproj", "{9B920D95-8E93-42E0-83E5-F465323B8216}"
EndProject
Project("{9A19103F-16F7-4668-BE54-9A1E7A4F7556}") = "GithubService", "GithubService\GithubService.csproj", "{F9CF9C72-BAE6-491A-AD28-65BA206F95DD}"
EndProject
Project("{FAE04EC0-301F-11D3-BF4B-00C04F79EFBC}") = "GithubService.Services.Tests", "GithubService.Services.Tests\GithubService.Services.Tests.csproj", "{4B324D6C-1BB2-472A-B16D-9A35BD372374}"
EndProject
Global
	GlobalSection(SolutionConfigurationPlatforms) = preSolution
		Debug|Any CPU = Debug|Any CPU
		Release|Any CPU = Release|Any CPU
	EndGlobalSection
	GlobalSection(ProjectConfigurationPlatforms) = postSolution
		{6BBE7F7F-8CC6-402C-B6F4-08AACB137649}.Debug|Any CPU.ActiveCfg = Debug|Any CPU
		{6BBE7F7F-8CC6-402C-B6F4-08AACB137649}.Debug|Any CPU.Build.0 = Debug|Any CPU
		{6BBE7F7F-8CC6-402C-B6F4-08AACB137649}.Release|Any CPU.ActiveCfg = Release|Any CPU
		{6BBE7F7F-8CC6-402C-B6F4-08AACB137649}.Release|Any CPU.Build.0 = Release|Any CPU
		{6CE283A1-C93F-4D9F-9C6D-07D35F2465C9}.Debug|Any CPU.ActiveCfg = Debug|Any CPU
		{6CE283A1-C93F-4D9F-9C6D-07D35F2465C9}.Debug|Any CPU.Build.0 = Debug|Any CPU
		{6CE283A1-C93F-4D9F-9C6D-07D35F2465C9}.Release|Any CPU.ActiveCfg = Release|Any CPU
		{6CE283A1-C93F-4D9F-9C6D-07D35F2465C9}.Release|Any CPU.Build.0 = Release|Any CPU
		{9B920D95-8E93-42E0-83E5-F465323B8216}.Debug|Any CPU.ActiveCfg = Debug|Any CPU
		{9B920D95-8E93-42E0-83E5-F465323B8216}.Debug|Any CPU.Build.0 = Debug|Any CPU
		{9B920D95-8E93-42E0-83E5-F465323B8216}.Release|Any CPU.ActiveCfg = Release|Any CPU
		{9B920D95-8E93-42E0-83E5-F465323B8216}.Release|Any CPU.Build.0 = Release|Any CPU
		{F9CF9C72-BAE6-491A-AD28-65BA206F95DD}.Debug|Any CPU.ActiveCfg = Debug|Any CPU
		{F9CF9C72-BAE6-491A-AD28-65BA206F95DD}.Debug|Any CPU.Build.0 = Debug|Any CPU
		{F9CF9C72-BAE6-491A-AD28-65BA206F95DD}.Release|Any CPU.ActiveCfg = Release|Any CPU
		{F9CF9C72-BAE6-491A-AD28-65BA206F95DD}.Release|Any CPU.Build.0 = Release|Any CPU
		{4B324D6C-1BB2-472A-B16D-9A35BD372374}.Debug|Any CPU.ActiveCfg = Debug|Any CPU
		{4B324D6C-1BB2-472A-B16D-9A35BD372374}.Debug|Any CPU.Build.0 = Debug|Any CPU
		{4B324D6C-1BB2-472A-B16D-9A35BD372374}.Release|Any CPU.ActiveCfg = Release|Any CPU
		{4B324D6C-1BB2-472A-B16D-9A35BD372374}.Release|Any CPU.Build.0 = Release|Any CPU
	EndGlobalSection
	GlobalSection(SolutionProperties) = preSolution
		HideSolutionNode = FALSE
	EndGlobalSection
	GlobalSection(ExtensibilityGlobals) = postSolution
		SolutionGuid = {D28124B9-A22F-44E9-B7CA-6214C15847E2}
	EndGlobalSection
EndGlobal
